// !$*UTF8*$!
{
	archiveVersion = 1;
	classes = {
	};
	objectVersion = 48;
	objects = {

/* Begin PBXBuildFile section */
		6DFA444F3B256A2C66F6466F /* CityDetailViewController.swift in Sources */ = {isa = PBXBuildFile; fileRef = 6DFA4AC4323357AF4D5341A7 /* CityDetailViewController.swift */; };
		6DFA44A5C72C710D298E31DB /* CitiesViewController.swift in Sources */ = {isa = PBXBuildFile; fileRef = 6DFA4730A695A763AF2E6ADC /* CitiesViewController.swift */; };
		6DFA47078A148A29A9ABC94F /* LaunchScreen.storyboard in Resources */ = {isa = PBXBuildFile; fileRef = 6DFA478C1F15E0224740FEC3 /* LaunchScreen.storyboard */; };
		6DFA47F907F926B973C9E8D0 /* BindableType.swift in Sources */ = {isa = PBXBuildFile; fileRef = 6DFA4D1B5ECED106DEDDD068 /* BindableType.swift */; };
		6DFA48216F89F76F00F19C9A /* CityDetailViewModel.swift in Sources */ = {isa = PBXBuildFile; fileRef = 6DFA43CBFEA39937307C5952 /* CityDetailViewModel.swift */; };
		6DFA49812B78E07E9D1D1101 /* Main.storyboard in Resources */ = {isa = PBXBuildFile; fileRef = 6DFA4F823AB9B5F7040C8EB2 /* Main.storyboard */; };
		6DFA4B4DE03B0AC0903FB604 /* Scene.swift in Sources */ = {isa = PBXBuildFile; fileRef = 6DFA46AD96F26B44090539D4 /* Scene.swift */; };
		6DFA4DD042E2E7F85F0309C2 /* SceneTransitionType.swift in Sources */ = {isa = PBXBuildFile; fileRef = 6DFA4B4E81C97EC2BFA46CBD /* SceneTransitionType.swift */; };
		6DFA4FA26E934CED13F26F36 /* CitiesViewModel.swift in Sources */ = {isa = PBXBuildFile; fileRef = 6DFA4F415A5EA73AA219BF23 /* CitiesViewModel.swift */; };
		A5D18C2A1F609BFB007C0D6B /* AppDelegate.swift in Sources */ = {isa = PBXBuildFile; fileRef = A5D18C291F609BFB007C0D6B /* AppDelegate.swift */; };
		A5D18C311F609BFB007C0D6B /* Assets.xcassets in Resources */ = {isa = PBXBuildFile; fileRef = A5D18C301F609BFB007C0D6B /* Assets.xcassets */; };
		A5D18C3F1F609BFB007C0D6B /* RxWeatherWithCoordinatorTests.swift in Sources */ = {isa = PBXBuildFile; fileRef = A5D18C3E1F609BFB007C0D6B /* RxWeatherWithCoordinatorTests.swift */; };
/* End PBXBuildFile section */

/* Begin PBXContainerItemProxy section */
		A5D18C3B1F609BFB007C0D6B /* PBXContainerItemProxy */ = {
			isa = PBXContainerItemProxy;
			containerPortal = A5D18C1E1F609BFB007C0D6B /* Project object */;
			proxyType = 1;
			remoteGlobalIDString = A5D18C251F609BFB007C0D6B;
			remoteInfo = RxWeatherWithCoordinator;
		};
/* End PBXContainerItemProxy section */

/* Begin PBXFileReference section */
		6DFA43CBFEA39937307C5952 /* CityDetailViewModel.swift */ = {isa = PBXFileReference; fileEncoding = 4; lastKnownFileType = sourcecode.swift; path = CityDetailViewModel.swift; sourceTree = "<group>"; };
		6DFA44E7517BFBB72ED00A36 /* Base */ = {isa = PBXFileReference; lastKnownFileType = file.storyboard; name = Base; path = RxWeatherWithCoordinator/Base.lproj/Main.storyboard; sourceTree = SOURCE_ROOT; };
		6DFA4507E88A7E063E1A82E9 /* Base */ = {isa = PBXFileReference; lastKnownFileType = file.storyboard; name = Base; path = RxWeatherWithCoordinator/Base.lproj/LaunchScreen.storyboard; sourceTree = SOURCE_ROOT; };
		6DFA46AD96F26B44090539D4 /* Scene.swift */ = {isa = PBXFileReference; fileEncoding = 4; lastKnownFileType = sourcecode.swift; path = Scene.swift; sourceTree = "<group>"; };
		6DFA4730A695A763AF2E6ADC /* CitiesViewController.swift */ = {isa = PBXFileReference; fileEncoding = 4; lastKnownFileType = sourcecode.swift; path = CitiesViewController.swift; sourceTree = "<group>"; };
		6DFA4AC4323357AF4D5341A7 /* CityDetailViewController.swift */ = {isa = PBXFileReference; fileEncoding = 4; lastKnownFileType = sourcecode.swift; path = CityDetailViewController.swift; sourceTree = "<group>"; };
		6DFA4B4E81C97EC2BFA46CBD /* SceneTransitionType.swift */ = {isa = PBXFileReference; fileEncoding = 4; lastKnownFileType = sourcecode.swift; path = SceneTransitionType.swift; sourceTree = "<group>"; };
		6DFA4D1B5ECED106DEDDD068 /* BindableType.swift */ = {isa = PBXFileReference; fileEncoding = 4; lastKnownFileType = sourcecode.swift; path = BindableType.swift; sourceTree = "<group>"; };
		6DFA4F415A5EA73AA219BF23 /* CitiesViewModel.swift */ = {isa = PBXFileReference; fileEncoding = 4; lastKnownFileType = sourcecode.swift; path = CitiesViewModel.swift; sourceTree = "<group>"; };
		A5D18C261F609BFB007C0D6B /* RxWeatherWithCoordinator.app */ = {isa = PBXFileReference; explicitFileType = wrapper.application; includeInIndex = 0; path = RxWeatherWithCoordinator.app; sourceTree = BUILT_PRODUCTS_DIR; };
		A5D18C291F609BFB007C0D6B /* AppDelegate.swift */ = {isa = PBXFileReference; lastKnownFileType = sourcecode.swift; path = AppDelegate.swift; sourceTree = "<group>"; };
		A5D18C301F609BFB007C0D6B /* Assets.xcassets */ = {isa = PBXFileReference; lastKnownFileType = folder.assetcatalog; path = Assets.xcassets; sourceTree = "<group>"; };
		A5D18C351F609BFB007C0D6B /* Info.plist */ = {isa = PBXFileReference; lastKnownFileType = text.plist.xml; path = Info.plist; sourceTree = "<group>"; };
		A5D18C3A1F609BFB007C0D6B /* RxWeatherWithCoordinatorTests.xctest */ = {isa = PBXFileReference; explicitFileType = wrapper.cfbundle; includeInIndex = 0; path = RxWeatherWithCoordinatorTests.xctest; sourceTree = BUILT_PRODUCTS_DIR; };
		A5D18C3E1F609BFB007C0D6B /* RxWeatherWithCoordinatorTests.swift */ = {isa = PBXFileReference; lastKnownFileType = sourcecode.swift; path = RxWeatherWithCoordinatorTests.swift; sourceTree = "<group>"; };
		A5D18C401F609BFB007C0D6B /* Info.plist */ = {isa = PBXFileReference; lastKnownFileType = text.plist.xml; path = Info.plist; sourceTree = "<group>"; };
/* End PBXFileReference section */

/* Begin PBXFrameworksBuildPhase section */
		A5D18C231F609BFB007C0D6B /* Frameworks */ = {
			isa = PBXFrameworksBuildPhase;
			buildActionMask = 2147483647;
			files = (
			);
			runOnlyForDeploymentPostprocessing = 0;
		};
		A5D18C371F609BFB007C0D6B /* Frameworks */ = {
			isa = PBXFrameworksBuildPhase;
			buildActionMask = 2147483647;
			files = (
			);
			runOnlyForDeploymentPostprocessing = 0;
		};
/* End PBXFrameworksBuildPhase section */

/* Begin PBXGroup section */
		6DFA4155AC530A51968273F4 /* Shared */ = {
			isa = PBXGroup;
			children = (
				6DFA4D1B5ECED106DEDDD068 /* BindableType.swift */,
				6DFA46AD96F26B44090539D4 /* Scene.swift */,
				6DFA4B4E81C97EC2BFA46CBD /* SceneTransitionType.swift */,
			);
			path = Shared;
			sourceTree = "<group>";
		};
		6DFA41A4A4709E9C0F70098E /* ViewController */ = {
			isa = PBXGroup;
			children = (
				6DFA4730A695A763AF2E6ADC /* CitiesViewController.swift */,
			);
			path = ViewController;
			sourceTree = "<group>";
		};
		6DFA449DB2DA0C023D200FB7 /* ViewController */ = {
			isa = PBXGroup;
			children = (
				6DFA4AC4323357AF4D5341A7 /* CityDetailViewController.swift */,
			);
			path = ViewController;
			sourceTree = "<group>";
		};
		6DFA4B9C02E691B6D6B0689F /* ViewModel */ = {
			isa = PBXGroup;
			children = (
				6DFA43CBFEA39937307C5952 /* CityDetailViewModel.swift */,
			);
			path = ViewModel;
			sourceTree = "<group>";
		};
		6DFA4BB2C5A6BD5CF4D97334 /* ViewModel */ = {
			isa = PBXGroup;
			children = (
				6DFA4F415A5EA73AA219BF23 /* CitiesViewModel.swift */,
			);
			path = ViewModel;
			sourceTree = "<group>";
		};
		6DFA4EC8CE2D0C9DA659D8E3 /* Storyboard */ = {
			isa = PBXGroup;
			children = (
				6DFA4F823AB9B5F7040C8EB2 /* Main.storyboard */,
				6DFA478C1F15E0224740FEC3 /* LaunchScreen.storyboard */,
			);
			path = Storyboard;
			sourceTree = "<group>";
		};
		A5D18C1D1F609BFB007C0D6B = {
			isa = PBXGroup;
			children = (
				A5D18C281F609BFB007C0D6B /* RxWeatherWithCoordinator */,
				A5D18C3D1F609BFB007C0D6B /* RxWeatherWithCoordinatorTests */,
				A5D18C271F609BFB007C0D6B /* Products */,
			);
			sourceTree = "<group>";
		};
		A5D18C271F609BFB007C0D6B /* Products */ = {
			isa = PBXGroup;
			children = (
				A5D18C261F609BFB007C0D6B /* RxWeatherWithCoordinator.app */,
				A5D18C3A1F609BFB007C0D6B /* RxWeatherWithCoordinatorTests.xctest */,
			);
			name = Products;
			sourceTree = "<group>";
		};
		A5D18C281F609BFB007C0D6B /* RxWeatherWithCoordinator */ = {
			isa = PBXGroup;
			children = (
				A5D18C511F60A39E007C0D6B /* Feature */,
				A5D18C291F609BFB007C0D6B /* AppDelegate.swift */,
				A5D18C301F609BFB007C0D6B /* Assets.xcassets */,
				A5D18C351F609BFB007C0D6B /* Info.plist */,
				6DFA4155AC530A51968273F4 /* Shared */,
				6DFA4EC8CE2D0C9DA659D8E3 /* Storyboard */,
			);
			path = RxWeatherWithCoordinator;
			sourceTree = "<group>";
		};
		A5D18C3D1F609BFB007C0D6B /* RxWeatherWithCoordinatorTests */ = {
			isa = PBXGroup;
			children = (
				A5D18C3E1F609BFB007C0D6B /* RxWeatherWithCoordinatorTests.swift */,
				A5D18C401F609BFB007C0D6B /* Info.plist */,
			);
			path = RxWeatherWithCoordinatorTests;
			sourceTree = "<group>";
		};
		A5D18C511F60A39E007C0D6B /* Feature */ = {
			isa = PBXGroup;
			children = (
				A5D18C531F60A3B5007C0D6B /* CityWeatherDetail */,
				A5D18C521F60A3A9007C0D6B /* CityWeatherList */,
			);
			path = Feature;
			sourceTree = "<group>";
		};
		A5D18C521F60A3A9007C0D6B /* CityWeatherList */ = {
			isa = PBXGroup;
			children = (
				6DFA41A4A4709E9C0F70098E /* ViewController */,
				6DFA4B9C02E691B6D6B0689F /* ViewModel */,
			);
			path = CityWeatherList;
			sourceTree = "<group>";
		};
		A5D18C531F60A3B5007C0D6B /* CityWeatherDetail */ = {
			isa = PBXGroup;
			children = (
				6DFA449DB2DA0C023D200FB7 /* ViewController */,
				6DFA4BB2C5A6BD5CF4D97334 /* ViewModel */,
			);
			path = CityWeatherDetail;
			sourceTree = "<group>";
		};
/* End PBXGroup section */

/* Begin PBXNativeTarget section */
		A5D18C251F609BFB007C0D6B /* RxWeatherWithCoordinator */ = {
			isa = PBXNativeTarget;
			buildConfigurationList = A5D18C431F609BFB007C0D6B /* Build configuration list for PBXNativeTarget "RxWeatherWithCoordinator" */;
			buildPhases = (
				A5D18C221F609BFB007C0D6B /* Sources */,
				A5D18C231F609BFB007C0D6B /* Frameworks */,
				A5D18C241F609BFB007C0D6B /* Resources */,
			);
			buildRules = (
			);
			dependencies = (
			);
			name = RxWeatherWithCoordinator;
			productName = RxWeatherWithCoordinator;
			productReference = A5D18C261F609BFB007C0D6B /* RxWeatherWithCoordinator.app */;
			productType = "com.apple.product-type.application";
		};
		A5D18C391F609BFB007C0D6B /* RxWeatherWithCoordinatorTests */ = {
			isa = PBXNativeTarget;
			buildConfigurationList = A5D18C461F609BFB007C0D6B /* Build configuration list for PBXNativeTarget "RxWeatherWithCoordinatorTests" */;
			buildPhases = (
				A5D18C361F609BFB007C0D6B /* Sources */,
				A5D18C371F609BFB007C0D6B /* Frameworks */,
				A5D18C381F609BFB007C0D6B /* Resources */,
			);
			buildRules = (
			);
			dependencies = (
				A5D18C3C1F609BFB007C0D6B /* PBXTargetDependency */,
			);
			name = RxWeatherWithCoordinatorTests;
			productName = RxWeatherWithCoordinatorTests;
			productReference = A5D18C3A1F609BFB007C0D6B /* RxWeatherWithCoordinatorTests.xctest */;
			productType = "com.apple.product-type.bundle.unit-test";
		};
/* End PBXNativeTarget section */

/* Begin PBXProject section */
		A5D18C1E1F609BFB007C0D6B /* Project object */ = {
			isa = PBXProject;
			attributes = {
				LastSwiftUpdateCheck = 0900;
				LastUpgradeCheck = 0900;
				ORGANIZATIONNAME = Douglas;
				TargetAttributes = {
					A5D18C251F609BFB007C0D6B = {
						CreatedOnToolsVersion = 9.0;
						ProvisioningStyle = Automatic;
					};
					A5D18C391F609BFB007C0D6B = {
						CreatedOnToolsVersion = 9.0;
						ProvisioningStyle = Automatic;
						TestTargetID = A5D18C251F609BFB007C0D6B;
					};
				};
			};
			buildConfigurationList = A5D18C211F609BFB007C0D6B /* Build configuration list for PBXProject "RxWeatherWithCoordinator" */;
			compatibilityVersion = "Xcode 8.0";
			developmentRegion = en;
			hasScannedForEncodings = 0;
			knownRegions = (
				en,
				Base,
			);
			mainGroup = A5D18C1D1F609BFB007C0D6B;
			productRefGroup = A5D18C271F609BFB007C0D6B /* Products */;
			projectDirPath = "";
			projectRoot = "";
			targets = (
				A5D18C251F609BFB007C0D6B /* RxWeatherWithCoordinator */,
				A5D18C391F609BFB007C0D6B /* RxWeatherWithCoordinatorTests */,
			);
		};
/* End PBXProject section */

/* Begin PBXResourcesBuildPhase section */
		A5D18C241F609BFB007C0D6B /* Resources */ = {
			isa = PBXResourcesBuildPhase;
			buildActionMask = 2147483647;
			files = (
				A5D18C311F609BFB007C0D6B /* Assets.xcassets in Resources */,
				6DFA49812B78E07E9D1D1101 /* Main.storyboard in Resources */,
				6DFA47078A148A29A9ABC94F /* LaunchScreen.storyboard in Resources */,
			);
			runOnlyForDeploymentPostprocessing = 0;
		};
		A5D18C381F609BFB007C0D6B /* Resources */ = {
			isa = PBXResourcesBuildPhase;
			buildActionMask = 2147483647;
			files = (
			);
			runOnlyForDeploymentPostprocessing = 0;
		};
/* End PBXResourcesBuildPhase section */

/* Begin PBXSourcesBuildPhase section */
		A5D18C221F609BFB007C0D6B /* Sources */ = {
			isa = PBXSourcesBuildPhase;
			buildActionMask = 2147483647;
			files = (
				A5D18C2A1F609BFB007C0D6B /* AppDelegate.swift in Sources */,
				6DFA47F907F926B973C9E8D0 /* BindableType.swift in Sources */,
				6DFA444F3B256A2C66F6466F /* CityDetailViewController.swift in Sources */,
				6DFA44A5C72C710D298E31DB /* CitiesViewController.swift in Sources */,
				6DFA4B4DE03B0AC0903FB604 /* Scene.swift in Sources */,
				6DFA4DD042E2E7F85F0309C2 /* SceneTransitionType.swift in Sources */,
				6DFA4FA26E934CED13F26F36 /* CitiesViewModel.swift in Sources */,
				6DFA48216F89F76F00F19C9A /* CityDetailViewModel.swift in Sources */,
			);
			runOnlyForDeploymentPostprocessing = 0;
		};
		A5D18C361F609BFB007C0D6B /* Sources */ = {
			isa = PBXSourcesBuildPhase;
			buildActionMask = 2147483647;
			files = (
				A5D18C3F1F609BFB007C0D6B /* RxWeatherWithCoordinatorTests.swift in Sources */,
			);
			runOnlyForDeploymentPostprocessing = 0;
		};
/* End PBXSourcesBuildPhase section */

/* Begin PBXTargetDependency section */
		A5D18C3C1F609BFB007C0D6B /* PBXTargetDependency */ = {
			isa = PBXTargetDependency;
			target = A5D18C251F609BFB007C0D6B /* RxWeatherWithCoordinator */;
			targetProxy = A5D18C3B1F609BFB007C0D6B /* PBXContainerItemProxy */;
		};
/* End PBXTargetDependency section */

/* Begin PBXVariantGroup section */
		6DFA478C1F15E0224740FEC3 /* LaunchScreen.storyboard */ = {
			isa = PBXVariantGroup;
			children = (
				6DFA4507E88A7E063E1A82E9 /* Base */,
			);
			name = LaunchScreen.storyboard;
			sourceTree = "<group>";
		};
		6DFA4F823AB9B5F7040C8EB2 /* Main.storyboard */ = {
			isa = PBXVariantGroup;
			children = (
				6DFA44E7517BFBB72ED00A36 /* Base */,
			);
			name = Main.storyboard;
			sourceTree = "<group>";
		};
/* End PBXVariantGroup section */

/* Begin XCBuildConfiguration section */
		A5D18C411F609BFB007C0D6B /* Debug */ = {
			isa = XCBuildConfiguration;
			buildSettings = {
				ALWAYS_SEARCH_USER_PATHS = NO;
				CLANG_ANALYZER_NONNULL = YES;
				CLANG_ANALYZER_NUMBER_OBJECT_CONVERSION = YES_AGGRESSIVE;
				CLANG_CXX_LANGUAGE_STANDARD = "gnu++14";
				CLANG_CXX_LIBRARY = "libc++";
				CLANG_ENABLE_MODULES = YES;
				CLANG_ENABLE_OBJC_ARC = YES;
				CLANG_WARN_BLOCK_CAPTURE_AUTORELEASING = YES;
				CLANG_WARN_BOOL_CONVERSION = YES;
				CLANG_WARN_COMMA = YES;
				CLANG_WARN_CONSTANT_CONVERSION = YES;
				CLANG_WARN_DIRECT_OBJC_ISA_USAGE = YES_ERROR;
				CLANG_WARN_DOCUMENTATION_COMMENTS = YES;
				CLANG_WARN_EMPTY_BODY = YES;
				CLANG_WARN_ENUM_CONVERSION = YES;
				CLANG_WARN_INFINITE_RECURSION = YES;
				CLANG_WARN_INT_CONVERSION = YES;
				CLANG_WARN_NON_LITERAL_NULL_CONVERSION = YES;
				CLANG_WARN_OBJC_LITERAL_CONVERSION = YES;
				CLANG_WARN_OBJC_ROOT_CLASS = YES_ERROR;
				CLANG_WARN_RANGE_LOOP_ANALYSIS = YES;
				CLANG_WARN_STRICT_PROTOTYPES = YES;
				CLANG_WARN_SUSPICIOUS_MOVE = YES;
				CLANG_WARN_UNGUARDED_AVAILABILITY = YES_AGGRESSIVE;
				CLANG_WARN_UNREACHABLE_CODE = YES;
				CLANG_WARN__DUPLICATE_METHOD_MATCH = YES;
				CODE_SIGN_IDENTITY = "iPhone Developer";
				COPY_PHASE_STRIP = NO;
				DEBUG_INFORMATION_FORMAT = dwarf;
				ENABLE_STRICT_OBJC_MSGSEND = YES;
				ENABLE_TESTABILITY = YES;
				GCC_C_LANGUAGE_STANDARD = gnu11;
				GCC_DYNAMIC_NO_PIC = NO;
				GCC_NO_COMMON_BLOCKS = YES;
				GCC_OPTIMIZATION_LEVEL = 0;
				GCC_PREPROCESSOR_DEFINITIONS = (
					"DEBUG=1",
					"$(inherited)",
				);
				GCC_WARN_64_TO_32_BIT_CONVERSION = YES;
				GCC_WARN_ABOUT_RETURN_TYPE = YES_ERROR;
				GCC_WARN_UNDECLARED_SELECTOR = YES;
				GCC_WARN_UNINITIALIZED_AUTOS = YES_AGGRESSIVE;
				GCC_WARN_UNUSED_FUNCTION = YES;
				GCC_WARN_UNUSED_VARIABLE = YES;
				IPHONEOS_DEPLOYMENT_TARGET = 11.0;
				MTL_ENABLE_DEBUG_INFO = YES;
				ONLY_ACTIVE_ARCH = YES;
				SDKROOT = iphoneos;
				SWIFT_ACTIVE_COMPILATION_CONDITIONS = DEBUG;
				SWIFT_OPTIMIZATION_LEVEL = "-Onone";
			};
			name = Debug;
		};
		A5D18C421F609BFB007C0D6B /* Release */ = {
			isa = XCBuildConfiguration;
			buildSettings = {
				ALWAYS_SEARCH_USER_PATHS = NO;
				CLANG_ANALYZER_NONNULL = YES;
				CLANG_ANALYZER_NUMBER_OBJECT_CONVERSION = YES_AGGRESSIVE;
				CLANG_CXX_LANGUAGE_STANDARD = "gnu++14";
				CLANG_CXX_LIBRARY = "libc++";
				CLANG_ENABLE_MODULES = YES;
				CLANG_ENABLE_OBJC_ARC = YES;
				CLANG_WARN_BLOCK_CAPTURE_AUTORELEASING = YES;
				CLANG_WARN_BOOL_CONVERSION = YES;
				CLANG_WARN_COMMA = YES;
				CLANG_WARN_CONSTANT_CONVERSION = YES;
				CLANG_WARN_DIRECT_OBJC_ISA_USAGE = YES_ERROR;
				CLANG_WARN_DOCUMENTATION_COMMENTS = YES;
				CLANG_WARN_EMPTY_BODY = YES;
				CLANG_WARN_ENUM_CONVERSION = YES;
				CLANG_WARN_INFINITE_RECURSION = YES;
				CLANG_WARN_INT_CONVERSION = YES;
				CLANG_WARN_NON_LITERAL_NULL_CONVERSION = YES;
				CLANG_WARN_OBJC_LITERAL_CONVERSION = YES;
				CLANG_WARN_OBJC_ROOT_CLASS = YES_ERROR;
				CLANG_WARN_RANGE_LOOP_ANALYSIS = YES;
				CLANG_WARN_STRICT_PROTOTYPES = YES;
				CLANG_WARN_SUSPICIOUS_MOVE = YES;
				CLANG_WARN_UNGUARDED_AVAILABILITY = YES_AGGRESSIVE;
				CLANG_WARN_UNREACHABLE_CODE = YES;
				CLANG_WARN__DUPLICATE_METHOD_MATCH = YES;
				CODE_SIGN_IDENTITY = "iPhone Developer";
				COPY_PHASE_STRIP = NO;
				DEBUG_INFORMATION_FORMAT = "dwarf-with-dsym";
				ENABLE_NS_ASSERTIONS = NO;
				ENABLE_STRICT_OBJC_MSGSEND = YES;
				GCC_C_LANGUAGE_STANDARD = gnu11;
				GCC_NO_COMMON_BLOCKS = YES;
				GCC_WARN_64_TO_32_BIT_CONVERSION = YES;
				GCC_WARN_ABOUT_RETURN_TYPE = YES_ERROR;
				GCC_WARN_UNDECLARED_SELECTOR = YES;
				GCC_WARN_UNINITIALIZED_AUTOS = YES_AGGRESSIVE;
				GCC_WARN_UNUSED_FUNCTION = YES;
				GCC_WARN_UNUSED_VARIABLE = YES;
				IPHONEOS_DEPLOYMENT_TARGET = 11.0;
				MTL_ENABLE_DEBUG_INFO = NO;
				SDKROOT = iphoneos;
				SWIFT_OPTIMIZATION_LEVEL = "-Owholemodule";
				VALIDATE_PRODUCT = YES;
			};
			name = Release;
		};
		A5D18C441F609BFB007C0D6B /* Debug */ = {
			isa = XCBuildConfiguration;
			buildSettings = {
				ASSETCATALOG_COMPILER_APPICON_NAME = AppIcon;
				CODE_SIGN_STYLE = Automatic;
				DEVELOPMENT_TEAM = WQVLGGBH98;
				INFOPLIST_FILE = RxWeatherWithCoordinator/Info.plist;
				LD_RUNPATH_SEARCH_PATHS = "$(inherited) @executable_path/Frameworks";
				PRODUCT_BUNDLE_IDENTIFIER = br.com.douglas.RxWeatherWithCoordinator;
				PRODUCT_NAME = "$(TARGET_NAME)";
				SWIFT_VERSION = 4.0;
				TARGETED_DEVICE_FAMILY = "1,2";
			};
			name = Debug;
		};
		A5D18C451F609BFB007C0D6B /* Release */ = {
			isa = XCBuildConfiguration;
			buildSettings = {
				ASSETCATALOG_COMPILER_APPICON_NAME = AppIcon;
				CODE_SIGN_STYLE = Automatic;
				DEVELOPMENT_TEAM = WQVLGGBH98;
				INFOPLIST_FILE = RxWeatherWithCoordinator/Info.plist;
				LD_RUNPATH_SEARCH_PATHS = "$(inherited) @executable_path/Frameworks";
				PRODUCT_BUNDLE_IDENTIFIER = br.com.douglas.RxWeatherWithCoordinator;
				PRODUCT_NAME = "$(TARGET_NAME)";
				SWIFT_VERSION = 4.0;
				TARGETED_DEVICE_FAMILY = "1,2";
			};
			name = Release;
		};
		A5D18C471F609BFB007C0D6B /* Debug */ = {
			isa = XCBuildConfiguration;
			buildSettings = {
				ALWAYS_EMBED_SWIFT_STANDARD_LIBRARIES = YES;
				BUNDLE_LOADER = "$(TEST_HOST)";
				CODE_SIGN_STYLE = Automatic;
				DEVELOPMENT_TEAM = WQVLGGBH98;
				INFOPLIST_FILE = RxWeatherWithCoordinatorTests/Info.plist;
				LD_RUNPATH_SEARCH_PATHS = "$(inherited) @executable_path/Frameworks @loader_path/Frameworks";
				PRODUCT_BUNDLE_IDENTIFIER = br.com.douglas.RxWeatherWithCoordinatorTests;
				PRODUCT_NAME = "$(TARGET_NAME)";
				SWIFT_VERSION = 4.0;
				TARGETED_DEVICE_FAMILY = "1,2";
				TEST_HOST = "$(BUILT_PRODUCTS_DIR)/RxWeatherWithCoordinator.app/RxWeatherWithCoordinator";
			};
			name = Debug;
		};
		A5D18C481F609BFB007C0D6B /* Release */ = {
			isa = XCBuildConfiguration;
			buildSettings = {
				ALWAYS_EMBED_SWIFT_STANDARD_LIBRARIES = YES;
				BUNDLE_LOADER = "$(TEST_HOST)";
				CODE_SIGN_STYLE = Automatic;
				DEVELOPMENT_TEAM = WQVLGGBH98;
				INFOPLIST_FILE = RxWeatherWithCoordinatorTests/Info.plist;
				LD_RUNPATH_SEARCH_PATHS = "$(inherited) @executable_path/Frameworks @loader_path/Frameworks";
				PRODUCT_BUNDLE_IDENTIFIER = br.com.douglas.RxWeatherWithCoordinatorTests;
				PRODUCT_NAME = "$(TARGET_NAME)";
				SWIFT_VERSION = 4.0;
				TARGETED_DEVICE_FAMILY = "1,2";
				TEST_HOST = "$(BUILT_PRODUCTS_DIR)/RxWeatherWithCoordinator.app/RxWeatherWithCoordinator";
			};
			name = Release;
		};
/* End XCBuildConfiguration section */

/* Begin XCConfigurationList section */
		A5D18C211F609BFB007C0D6B /* Build configuration list for PBXProject "RxWeatherWithCoordinator" */ = {
			isa = XCConfigurationList;
			buildConfigurations = (
				A5D18C411F609BFB007C0D6B /* Debug */,
				A5D18C421F609BFB007C0D6B /* Release */,
			);
			defaultConfigurationIsVisible = 0;
			defaultConfigurationName = Release;
		};
		A5D18C431F609BFB007C0D6B /* Build configuration list for PBXNativeTarget "RxWeatherWithCoordinator" */ = {
			isa = XCConfigurationList;
			buildConfigurations = (
				A5D18C441F609BFB007C0D6B /* Debug */,
				A5D18C451F609BFB007C0D6B /* Release */,
			);
			defaultConfigurationIsVisible = 0;
			defaultConfigurationName = Release;
		};
		A5D18C461F609BFB007C0D6B /* Build configuration list for PBXNativeTarget "RxWeatherWithCoordinatorTests" */ = {
			isa = XCConfigurationList;
			buildConfigurations = (
				A5D18C471F609BFB007C0D6B /* Debug */,
				A5D18C481F609BFB007C0D6B /* Release */,
			);
			defaultConfigurationIsVisible = 0;
			defaultConfigurationName = Release;
		};
/* End XCConfigurationList section */
	};
	rootObject = A5D18C1E1F609BFB007C0D6B /* Project object */;
}
